
Microsoft Visual Studio Solution File, Format Version 12.00
# Visual Studio Version 16
VisualStudioVersion = 16.0.809.8
MinimumVisualStudioVersion = 10.0.40219.1
Project("{FAE04EC0-301F-11D3-BF4B-00C04F79EFBC}") = "EmployeeDir", "EmployeeDir\EmployeeDir.csproj", "{954DF9A3-CE62-4D62-AA5B-9082EFF8F494}"
EndProject
Global
	GlobalSection(SolutionConfigurationPlatforms) = preSolution
		Debug|anycpu = Debug|anycpu
		Release|anycpu = Release|anycpu
	EndGlobalSection
	GlobalSection(ProjectConfigurationPlatforms) = postSolution
		{954DF9A3-CE62-4D62-AA5B-9082EFF8F494}.Debug|anycpu.ActiveCfg = Debug|anycpu
		{954DF9A3-CE62-4D62-AA5B-9082EFF8F494}.Debug|anycpu.Build.0 = Debug|anycpu
		{954DF9A3-CE62-4D62-AA5B-9082EFF8F494}.Release|anycpu.ActiveCfg = Release|anycpu
		{954DF9A3-CE62-4D62-AA5B-9082EFF8F494}.Release|anycpu.Build.0 = Release|anycpu
	EndGlobalSection
	GlobalSection(SolutionProperties) = preSolution
		HideSolutionNode = FALSE
	EndGlobalSection
	GlobalSection(ExtensibilityGlobals) = postSolution
		SolutionGuid = {8E672ECC-7FBE-4E4A-88A1-640F2993BB63}
	EndGlobalSection
EndGlobal
